
Microsoft Visual Studio Solution File, Format Version 12.00
# Visual Studio Version 17
VisualStudioVersion = 17.14.36301.6 d17.14
MinimumVisualStudioVersion = 10.0.40219.1
Project("{FAE04EC0-301F-11D3-BF4B-00C04F79EFBC}") = "LabelDesignerAPI", "LabelDesignerAPI.csproj", "{5A741670-7EAE-46B8-81D8-F183FA06FEAB}"
EndProject
Global
	GlobalSection(SolutionConfigurationPlatforms) = preSolution
		Debug|Any CPU = Debug|Any CPU
		Release|Any CPU = Release|Any CPU
	EndGlobalSection
	GlobalSection(ProjectConfigurationPlatforms) = postSolution
		{5A741670-7EAE-46B8-81D8-F183FA06FEAB}.Debug|Any CPU.ActiveCfg = Debug|Any CPU
		{5A741670-7EAE-46B8-81D8-F183FA06FEAB}.Debug|Any CPU.Build.0 = Debug|Any CPU
		{5A741670-7EAE-46B8-81D8-F183FA06FEAB}.Release|Any CPU.ActiveCfg = Release|Any CPU
		{5A741670-7EAE-46B8-81D8-F183FA06FEAB}.Release|Any CPU.Build.0 = Release|Any CPU
	EndGlobalSection
	GlobalSection(SolutionProperties) = preSolution
		HideSolutionNode = FALSE
	EndGlobalSection
	GlobalSection(ExtensibilityGlobals) = postSolution
		SolutionGuid = {42C5BAE9-ABC3-45FD-BBD2-56CA21349302}
	EndGlobalSection
EndGlobal
